// !$*UTF8*$!
{
	archiveVersion = 1;
	classes = {
	};
	objectVersion = 46;
	objects = {

/* Begin PBXBuildFile section */
		4B15CC101E551C33003F44C0 /* AppDelegate.swift in Sources */ = {isa = PBXBuildFile; fileRef = 4B15CC0F1E551C33003F44C0 /* AppDelegate.swift */; };
		4B15CC121E551C33003F44C0 /* ViewController.swift in Sources */ = {isa = PBXBuildFile; fileRef = 4B15CC111E551C33003F44C0 /* ViewController.swift */; };
		4B15CC151E551C33003F44C0 /* Main.storyboard in Resources */ = {isa = PBXBuildFile; fileRef = 4B15CC131E551C33003F44C0 /* Main.storyboard */; };
		4B15CC171E551C33003F44C0 /* Assets.xcassets in Resources */ = {isa = PBXBuildFile; fileRef = 4B15CC161E551C33003F44C0 /* Assets.xcassets */; };
		4B15CC1A1E551C33003F44C0 /* LaunchScreen.storyboard in Resources */ = {isa = PBXBuildFile; fileRef = 4B15CC181E551C33003F44C0 /* LaunchScreen.storyboard */; };
/* End PBXBuildFile section */

/* Begin PBXFileReference section */
		4B15CC0C1E551C33003F44C0 /* PopoverNavigation.app */ = {isa = PBXFileReference; explicitFileType = wrapper.application; includeInIndex = 0; path = PopoverNavigation.app; sourceTree = BUILT_PRODUCTS_DIR; };
		4B15CC0F1E551C33003F44C0 /* AppDelegate.swift */ = {isa = PBXFileReference; lastKnownFileType = sourcecode.swift; path = AppDelegate.swift; sourceTree = "<group>"; };
		4B15CC111E551C33003F44C0 /* ViewController.swift */ = {isa = PBXFileReference; lastKnownFileType = sourcecode.swift; path = ViewController.swift; sourceTree = "<group>"; };
		4B15CC141E551C33003F44C0 /* Base */ = {isa = PBXFileReference; lastKnownFileType = file.storyboard; name = Base; path = Base.lproj/Main.storyboard; sourceTree = "<group>"; };
		4B15CC161E551C33003F44C0 /* Assets.xcassets */ = {isa = PBXFileReference; lastKnownFileType = folder.assetcatalog; path = Assets.xcassets; sourceTree = "<group>"; };
		4B15CC191E551C33003F44C0 /* Base */ = {isa = PBXFileReference; lastKnownFileType = file.storyboard; name = Base; path = Base.lproj/LaunchScreen.storyboard; sourceTree = "<group>"; };
		4B15CC1B1E551C33003F44C0 /* Info.plist */ = {isa = PBXFileReference; lastKnownFileType = text.plist.xml; path = Info.plist; sourceTree = "<group>"; };
/* End PBXFileReference section */

/* Begin PBXFrameworksBuildPhase section */
		4B15CC091E551C33003F44C0 /* Frameworks */ = {
			isa = PBXFrameworksBuildPhase;
			buildActionMask = 2147483647;
			files = (
			);
			runOnlyForDeploymentPostprocessing = 0;
		};
/* End PBXFrameworksBuildPhase section */

/* Begin PBXGroup section */
		4B15CC031E551C33003F44C0 = {
			isa = PBXGroup;
			children = (
				4B15CC0E1E551C33003F44C0 /* PopoverNavigation */,
				4B15CC0D1E551C33003F44C0 /* Products */,
			);
			sourceTree = "<group>";
		};
		4B15CC0D1E551C33003F44C0 /* Products */ = {
			isa = PBXGroup;
			children = (
				4B15CC0C1E551C33003F44C0 /* PopoverNavigation.app */,
			);
			name = Products;
			sourceTree = "<group>";
		};
		4B15CC0E1E551C33003F44C0 /* PopoverNavigation */ = {
			isa = PBXGroup;
			children = (
				4B15CC0F1E551C33003F44C0 /* AppDelegate.swift */,
				4B15CC111E551C33003F44C0 /* ViewController.swift */,
				4B15CC131E551C33003F44C0 /* Main.storyboard */,
				4B15CC161E551C33003F44C0 /* Assets.xcassets */,
				4B15CC181E551C33003F44C0 /* LaunchScreen.storyboard */,
				4B15CC1B1E551C33003F44C0 /* Info.plist */,
			);
			path = PopoverNavigation;
			sourceTree = "<group>";
		};
/* End PBXGroup section */

/* Begin PBXNativeTarget section */
		4B15CC0B1E551C33003F44C0 /* PopoverNavigation */ = {
			isa = PBXNativeTarget;
			buildConfigurationList = 4B15CC1E1E551C33003F44C0 /* Build configuration list for PBXNativeTarget "PopoverNavigation" */;
			buildPhases = (
				4B15CC081E551C33003F44C0 /* Sources */,
				4B15CC091E551C33003F44C0 /* Frameworks */,
				4B15CC0A1E551C33003F44C0 /* Resources */,
			);
			buildRules = (
			);
			dependencies = (
			);
			name = PopoverNavigation;
			productName = PopoverNavigation;
			productReference = 4B15CC0C1E551C33003F44C0 /* PopoverNavigation.app */;
			productType = "com.apple.product-type.application";
		};
/* End PBXNativeTarget section */

/* Begin PBXProject section */
		4B15CC041E551C33003F44C0 /* Project object */ = {
			isa = PBXProject;
			attributes = {
				LastSwiftUpdateCheck = 0830;
				LastUpgradeCheck = 0830;
				ORGANIZATIONNAME = "Piyush Sharma";
				TargetAttributes = {
					4B15CC0B1E551C33003F44C0 = {
						CreatedOnToolsVersion = 8.3;
						ProvisioningStyle = Automatic;
					};
				};
			};
			buildConfigurationList = 4B15CC071E551C33003F44C0 /* Build configuration list for PBXProject "PopoverNavigation" */;
			compatibilityVersion = "Xcode 3.2";
			developmentRegion = English;
			hasScannedForEncodings = 0;
			knownRegions = (
				en,
				Base,
			);
			mainGroup = 4B15CC031E551C33003F44C0;
			productRefGroup = 4B15CC0D1E551C33003F44C0 /* Products */;
			projectDirPath = "";
			projectRoot = "";
			targets = (
				4B15CC0B1E551C33003F44C0 /* PopoverNavigation */,
			);
		};
/* End PBXProject section */

/* Begin PBXResourcesBuildPhase section */
		4B15CC0A1E551C33003F44C0 /* Resources */ = {
			isa = PBXResourcesBuildPhase;
			buildActionMask = 2147483647;
			files = (
				4B15CC1A1E551C33003F44C0 /* LaunchScreen.storyboard in Resources */,
				4B15CC171E551C33003F44C0 /* Assets.xcassets in Resources */,
				4B15CC151E551C33003F44C0 /* Main.storyboard in Resources */,
			);
			runOnlyForDeploymentPostprocessing = 0;
		};
/* End PBXResourcesBuildPhase section */

/* Begin PBXSourcesBuildPhase section */
		4B15CC081E551C33003F44C0 /* Sources */ = {
			isa = PBXSourcesBuildPhase;
			buildActionMask = 2147483647;
			files = (
				4B15CC121E551C33003F44C0 /* ViewController.swift in Sources */,
				4B15CC101E551C33003F44C0 /* AppDelegate.swift in Sources */,
			);
			runOnlyForDeploymentPostprocessing = 0;
		};
/* End PBXSourcesBuildPhase section */

/* Begin PBXVariantGroup section */
		4B15CC131E551C33003F44C0 /* Main.storyboard */ = {
			isa = PBXVariantGroup;
			children = (
				4B15CC141E551C33003F44C0 /* Base */,
			);
			name = Main.storyboard;
			sourceTree = "<group>";
		};
		4B15CC181E551C33003F44C0 /* LaunchScreen.storyboard */ = {
			isa = PBXVariantGroup;
			children = (
				4B15CC191E551C33003F44C0 /* Base */,
			);
			name = LaunchScreen.storyboard;
			sourceTree = "<group>";
		};
/* End PBXVariantGroup section */

/* Begin XCBuildConfiguration section */
		4B15CC1C1E551C33003F44C0 /* Debug */ = {
			isa = XCBuildConfiguration;
			buildSettings = {
				ALWAYS_SEARCH_USER_PATHS = NO;
				CLANG_ANALYZER_NONNULL = YES;
				CLANG_ANALYZER_NUMBER_OBJECT_CONVERSION = YES_AGGRESSIVE;
				CLANG_CXX_LANGUAGE_STANDARD = "gnu++0x";
				CLANG_CXX_LIBRARY = "libc++";
				CLANG_ENABLE_MODULES = YES;
				CLANG_ENABLE_OBJC_ARC = YES;
				CLANG_WARN_BOOL_CONVERSION = YES;
				CLANG_WARN_CONSTANT_CONVERSION = YES;
				CLANG_WARN_DIRECT_OBJC_ISA_USAGE = YES_ERROR;
				CLANG_WARN_DOCUMENTATION_COMMENTS = YES;
				CLANG_WARN_EMPTY_BODY = YES;
				CLANG_WARN_ENUM_CONVERSION = YES;
				CLANG_WARN_INFINITE_RECURSION = YES;
				CLANG_WARN_INT_CONVERSION = YES;
				CLANG_WARN_OBJC_ROOT_CLASS = YES_ERROR;
				CLANG_WARN_SUSPICIOUS_MOVE = YES;
				CLANG_WARN_UNREACHABLE_CODE = YES;
				CLANG_WARN__DUPLICATE_METHOD_MATCH = YES;
				"CODE_SIGN_IDENTITY[sdk=iphoneos*]" = "iPhone Developer";
				COPY_PHASE_STRIP = NO;
				DEBUG_INFORMATION_FORMAT = dwarf;
				ENABLE_STRICT_OBJC_MSGSEND = YES;
				ENABLE_TESTABILITY = YES;
				GCC_C_LANGUAGE_STANDARD = gnu99;
				GCC_DYNAMIC_NO_PIC = NO;
				GCC_NO_COMMON_BLOCKS = YES;
				GCC_OPTIMIZATION_LEVEL = 0;
				GCC_PREPROCESSOR_DEFINITIONS = (
					"DEBUG=1",
					"$(inherited)",
				);
				GCC_WARN_64_TO_32_BIT_CONVERSION = YES;
				GCC_WARN_ABOUT_RETURN_TYPE = YES_ERROR;
				GCC_WARN_UNDECLARED_SELECTOR = YES;
				GCC_WARN_UNINITIALIZED_AUTOS = YES_AGGRESSIVE;
				GCC_WARN_UNUSED_FUNCTION = YES;
				GCC_WARN_UNUSED_VARIABLE = YES;
				IPHONEOS_DEPLOYMENT_TARGET = 10.3;
				MTL_ENABLE_DEBUG_INFO = YES;
				ONLY_ACTIVE_ARCH = YES;
				SDKROOT = iphoneos;
				SWIFT_ACTIVE_COMPILATION_CONDITIONS = DEBUG;
				SWIFT_OPTIMIZATION_LEVEL = "-Onone";
				TARGETED_DEVICE_FAMILY = "1,2";
			};
			name = Debug;
		};
		4B15CC1D1E551C33003F44C0 /* Release */ = {
			isa = XCBuildConfiguration;
			buildSettings = {
				ALWAYS_SEARCH_USER_PATHS = NO;
				CLANG_ANALYZER_NONNULL = YES;
				CLANG_ANALYZER_NUMBER_OBJECT_CONVERSION = YES_AGGRESSIVE;
				CLANG_CXX_LANGUAGE_STANDARD = "gnu++0x";
				CLANG_CXX_LIBRARY = "libc++";
				CLANG_ENABLE_MODULES = YES;
				CLANG_ENABLE_OBJC_ARC = YES;
				CLANG_WARN_BOOL_CONVERSION = YES;
				CLANG_WARN_CONSTANT_CONVERSION = YES;
				CLANG_WARN_DIRECT_OBJC_ISA_USAGE = YES_ERROR;
				CLANG_WARN_DOCUMENTATION_COMMENTS = YES;
				CLANG_WARN_EMPTY_BODY = YES;
				CLANG_WARN_ENUM_CONVERSION = YES;
				CLANG_WARN_INFINITE_RECURSION = YES;
				CLANG_WARN_INT_CONVERSION = YES;
				CLANG_WARN_OBJC_ROOT_CLASS = YES_ERROR;
				CLANG_WARN_SUSPICIOUS_MOVE = YES;
				CLANG_WARN_UNREACHABLE_CODE = YES;
				CLANG_WARN__DUPLICATE_METHOD_MATCH = YES;
				"CODE_SIGN_IDENTITY[sdk=iphoneos*]" = "iPhone Developer";
				COPY_PHASE_STRIP = NO;
				DEBUG_INFORMATION_FORMAT = "dwarf-with-dsym";
				ENABLE_NS_ASSERTIONS = NO;
				ENABLE_STRICT_OBJC_MSGSEND = YES;
				GCC_C_LANGUAGE_STANDARD = gnu99;
				GCC_NO_COMMON_BLOCKS = YES;
				GCC_WARN_64_TO_32_BIT_CONVERSION = YES;
				GCC_WARN_ABOUT_RETURN_TYPE = YES_ERROR;
				GCC_WARN_UNDECLARED_SELECTOR = YES;
				GCC_WARN_UNINITIALIZED_AUTOS = YES_AGGRESSIVE;
				GCC_WARN_UNUSED_FUNCTION = YES;
				GCC_WARN_UNUSED_VARIABLE = YES;
				IPHONEOS_DEPLOYMENT_TARGET = 10.3;
				MTL_ENABLE_DEBUG_INFO = NO;
				SDKROOT = iphoneos;
				SWIFT_OPTIMIZATION_LEVEL = "-Owholemodule";
				TARGETED_DEVICE_FAMILY = "1,2";
				VALIDATE_PRODUCT = YES;
			};
			name = Release;
		};
		4B15CC1F1E551C33003F44C0 /* Debug */ = {
			isa = XCBuildConfiguration;
			buildSettings = {
				ASSETCATALOG_COMPILER_APPICON_NAME = AppIcon;
				INFOPLIST_FILE = PopoverNavigation/Info.plist;
				LD_RUNPATH_SEARCH_PATHS = "$(inherited) @executable_path/Frameworks";
				PRODUCT_BUNDLE_IDENTIFIER = com.apple.PopoverNavigation;
				PRODUCT_NAME = "$(TARGET_NAME)";
				SWIFT_VERSION = 3.0;
			};
			name = Debug;
		};
		4B15CC201E551C33003F44C0 /* Release */ = {
			isa = XCBuildConfiguration;
			buildSettings = {
				ASSETCATALOG_COMPILER_APPICON_NAME = AppIcon;
				INFOPLIST_FILE = PopoverNavigation/Info.plist;
				LD_RUNPATH_SEARCH_PATHS = "$(inherited) @executable_path/Frameworks";
				PRODUCT_BUNDLE_IDENTIFIER = com.apple.PopoverNavigation;
				PRODUCT_NAME = "$(TARGET_NAME)";
				SWIFT_VERSION = 3.0;
			};
			name = Release;
		};
/* End XCBuildConfiguration section */

/* Begin XCConfigurationList section */
		4B15CC071E551C33003F44C0 /* Build configuration list for PBXProject "PopoverNavigation" */ = {
			isa = XCConfigurationList;
			buildConfigurations = (
				4B15CC1C1E551C33003F44C0 /* Debug */,
				4B15CC1D1E551C33003F44C0 /* Release */,
			);
			defaultConfigurationIsVisible = 0;
			defaultConfigurationName = Release;
		};
		4B15CC1E1E551C33003F44C0 /* Build configuration list for PBXNativeTarget "PopoverNavigation" */ = {
			isa = XCConfigurationList;
			buildConfigurations = (
				4B15CC1F1E551C33003F44C0 /* Debug */,
				4B15CC201E551C33003F44C0 /* Release */,
			);
			defaultConfigurationIsVisible = 0;
		};
/* End XCConfigurationList section */
	};
	rootObject = 4B15CC041E551C33003F44C0 /* Project object */;
}
